
Microsoft Visual Studio Solution File, Format Version 12.00
# Visual Studio 15
VisualStudioVersion = 15.0.27428.2027
MinimumVisualStudioVersion = 10.0.40219.1
Project("{FAE04EC0-301F-11D3-BF4B-00C04F79EFBC}") = "CoffeeManage", "CoffeeManage\CoffeeManage.csproj", "{F6A28D07-A2EE-4579-9912-EB45861ABAAA}"
EndProject
Global
	GlobalSection(SolutionConfigurationPlatforms) = preSolution
		Debug|Any CPU = Debug|Any CPU
		Release|Any CPU = Release|Any CPU
	EndGlobalSection
	GlobalSection(ProjectConfigurationPlatforms) = postSolution
		{F6A28D07-A2EE-4579-9912-EB45861ABAAA}.Debug|Any CPU.ActiveCfg = Debug|Any CPU
		{F6A28D07-A2EE-4579-9912-EB45861ABAAA}.Debug|Any CPU.Build.0 = Debug|Any CPU
		{F6A28D07-A2EE-4579-9912-EB45861ABAAA}.Release|Any CPU.ActiveCfg = Release|Any CPU
		{F6A28D07-A2EE-4579-9912-EB45861ABAAA}.Release|Any CPU.Build.0 = Release|Any CPU
	EndGlobalSection
	GlobalSection(SolutionProperties) = preSolution
		HideSolutionNode = FALSE
	EndGlobalSection
	GlobalSection(ExtensibilityGlobals) = postSolution
		SolutionGuid = {5668E672-DE8A-40C8-BBDF-7B82D335BCDE}
	EndGlobalSection
EndGlobal
