
Microsoft Visual Studio Solution File, Format Version 12.00
# Visual Studio 15
VisualStudioVersion = 15.0.27703.2018
MinimumVisualStudioVersion = 10.0.40219.1
Project("{FAE04EC0-301F-11D3-BF4B-00C04F79EFBC}") = "DoAnnn", "DoAnnn\DoAnnn.csproj", "{8DFA6095-CCBC-41E1-9750-70DB3F83E26E}"
EndProject
Global
	GlobalSection(SolutionConfigurationPlatforms) = preSolution
		Debug|Any CPU = Debug|Any CPU
		Release|Any CPU = Release|Any CPU
	EndGlobalSection
	GlobalSection(ProjectConfigurationPlatforms) = postSolution
		{8DFA6095-CCBC-41E1-9750-70DB3F83E26E}.Debug|Any CPU.ActiveCfg = Debug|Any CPU
		{8DFA6095-CCBC-41E1-9750-70DB3F83E26E}.Debug|Any CPU.Build.0 = Debug|Any CPU
		{8DFA6095-CCBC-41E1-9750-70DB3F83E26E}.Release|Any CPU.ActiveCfg = Release|Any CPU
		{8DFA6095-CCBC-41E1-9750-70DB3F83E26E}.Release|Any CPU.Build.0 = Release|Any CPU
	EndGlobalSection
	GlobalSection(SolutionProperties) = preSolution
		HideSolutionNode = FALSE
	EndGlobalSection
	GlobalSection(ExtensibilityGlobals) = postSolution
		SolutionGuid = {11AACDFF-1C78-4B8D-98D9-7E6F1F24EB3E}
	EndGlobalSection
EndGlobal
